// !$*UTF8*$!
{
	archiveVersion = 1;
	classes = {
	};
	objectVersion = 46;
	objects = {

/* Begin PBXBuildFile section */
		230C66FF1AB531E200D77F20 /* StageTableViewController.m in Sources */ = {isa = PBXBuildFile; fileRef = 230C66FE1AB531E200D77F20 /* StageTableViewController.m */; };
		23264A921AAA89F20039B845 /* AboutUsCell.m in Sources */ = {isa = PBXBuildFile; fileRef = 23264A911AAA89F20039B845 /* AboutUsCell.m */; };
		23264A951AAA8DF30039B845 /* AboutUsDetailViewController.m in Sources */ = {isa = PBXBuildFile; fileRef = 23264A941AAA8DF30039B845 /* AboutUsDetailViewController.m */; };
		234556561AC8E1CA00D234A6 /* Launch Screen-1.xib in Resources */ = {isa = PBXBuildFile; fileRef = 234556551AC8E1CA00D234A6 /* Launch Screen-1.xib */; };
		235750EC1A8DA24C00192D24 /* main.m in Sources */ = {isa = PBXBuildFile; fileRef = 235750EB1A8DA24C00192D24 /* main.m */; };
		235750EF1A8DA24C00192D24 /* AppDelegate.m in Sources */ = {isa = PBXBuildFile; fileRef = 235750EE1A8DA24C00192D24 /* AppDelegate.m */; };
		235750F51A8DA24C00192D24 /* Main.storyboard in Resources */ = {isa = PBXBuildFile; fileRef = 235750F31A8DA24C00192D24 /* Main.storyboard */; };
		235750F71A8DA24C00192D24 /* Images.xcassets in Resources */ = {isa = PBXBuildFile; fileRef = 235750F61A8DA24C00192D24 /* Images.xcassets */; };
		235751061A8DA24C00192D24 /* NCCBFTests.m in Sources */ = {isa = PBXBuildFile; fileRef = 235751051A8DA24C00192D24 /* NCCBFTests.m */; };
		235751171A8DA7F300192D24 /* EventTableViewController.m in Sources */ = {isa = PBXBuildFile; fileRef = 235751161A8DA7F300192D24 /* EventTableViewController.m */; };
		2357511A1A8DABF600192D24 /* EventTableViewCell.m in Sources */ = {isa = PBXBuildFile; fileRef = 235751191A8DABF600192D24 /* EventTableViewCell.m */; };
		2357511D1A8DB81E00192D24 /* EventDetailViewController.m in Sources */ = {isa = PBXBuildFile; fileRef = 2357511C1A8DB81E00192D24 /* EventDetailViewController.m */; };
		235751201A8DBD7600192D24 /* Event.m in Sources */ = {isa = PBXBuildFile; fileRef = 2357511F1A8DBD7600192D24 /* Event.m */; };
		235F2B621AB2775900FBCCB2 /* EventAnnotation.m in Sources */ = {isa = PBXBuildFile; fileRef = 235F2B611AB2775900FBCCB2 /* EventAnnotation.m */; };
		23655E0C1ABF8F17005A3163 /* EventDetailViewBaseCell.m in Sources */ = {isa = PBXBuildFile; fileRef = 23655E0B1ABF8F17005A3163 /* EventDetailViewBaseCell.m */; };
		2378BB1A1A90431300571BC9 /* ScheduleTableViewController.m in Sources */ = {isa = PBXBuildFile; fileRef = 2378BB191A90431300571BC9 /* ScheduleTableViewController.m */; };
		2378BB1D1A90443700571BC9 /* ScheduleTableViewCell.m in Sources */ = {isa = PBXBuildFile; fileRef = 2378BB1C1A90443700571BC9 /* ScheduleTableViewCell.m */; };
		2378BB211A904C4100571BC9 /* MapKit.framework in Frameworks */ = {isa = PBXBuildFile; fileRef = 2378BB201A904C4100571BC9 /* MapKit.framework */; };
		2378BB241A904C5C00571BC9 /* MapViewController.m in Sources */ = {isa = PBXBuildFile; fileRef = 2378BB231A904C5C00571BC9 /* MapViewController.m */; };
		23A0EB101ABE446300C4358B /* AboutUsDetailViewCell.m in Sources */ = {isa = PBXBuildFile; fileRef = 23A0EB0F1ABE446300C4358B /* AboutUsDetailViewCell.m */; };
		23AD6C7A1AAE803A007119F9 /* Japantown.plist in Resources */ = {isa = PBXBuildFile; fileRef = 23AD6C791AAE803A007119F9 /* Japantown.plist */; };
		23AF9C7E1AB4E83200C53A60 /* LocationCoordinates.plist in Resources */ = {isa = PBXBuildFile; fileRef = 23AF9C7D1AB4E83200C53A60 /* LocationCoordinates.plist */; };
		23E06DB11A946FDD00D01330 /* SocialViewController.m in Sources */ = {isa = PBXBuildFile; fileRef = 23E06DB01A946FDD00D01330 /* SocialViewController.m */; };
		23E06DB41A94723A00D01330 /* SocialViewCell.m in Sources */ = {isa = PBXBuildFile; fileRef = 23E06DB31A94723A00D01330 /* SocialViewCell.m */; };
		23E06DB61A947B6500D01330 /* SocialMedia.plist in Resources */ = {isa = PBXBuildFile; fileRef = 23E06DB51A947B6500D01330 /* SocialMedia.plist */; };
		23E06DB81A94855400D01330 /* Events.plist in Resources */ = {isa = PBXBuildFile; fileRef = 23E06DB71A94855400D01330 /* Events.plist */; };
		23EA9E291A9854B000E39921 /* SocialWebViewController.m in Sources */ = {isa = PBXBuildFile; fileRef = 23EA9E281A9854B000E39921 /* SocialWebViewController.m */; };
/* End PBXBuildFile section */

/* Begin PBXContainerItemProxy section */
		235751001A8DA24C00192D24 /* PBXContainerItemProxy */ = {
			isa = PBXContainerItemProxy;
			containerPortal = 235750DE1A8DA24C00192D24 /* Project object */;
			proxyType = 1;
			remoteGlobalIDString = 235750E51A8DA24C00192D24;
			remoteInfo = NCCBF;
		};
/* End PBXContainerItemProxy section */

/* Begin PBXFileReference section */
		230C66FD1AB531E200D77F20 /* StageTableViewController.h */ = {isa = PBXFileReference; fileEncoding = 4; lastKnownFileType = sourcecode.c.h; path = StageTableViewController.h; sourceTree = "<group>"; };
		230C66FE1AB531E200D77F20 /* StageTableViewController.m */ = {isa = PBXFileReference; fileEncoding = 4; lastKnownFileType = sourcecode.c.objc; path = StageTableViewController.m; sourceTree = "<group>"; };
		23264A901AAA89F20039B845 /* AboutUsCell.h */ = {isa = PBXFileReference; fileEncoding = 4; lastKnownFileType = sourcecode.c.h; path = AboutUsCell.h; sourceTree = "<group>"; };
		23264A911AAA89F20039B845 /* AboutUsCell.m */ = {isa = PBXFileReference; fileEncoding = 4; lastKnownFileType = sourcecode.c.objc; path = AboutUsCell.m; sourceTree = "<group>"; };
		23264A931AAA8DF30039B845 /* AboutUsDetailViewController.h */ = {isa = PBXFileReference; fileEncoding = 4; lastKnownFileType = sourcecode.c.h; path = AboutUsDetailViewController.h; sourceTree = "<group>"; };
		23264A941AAA8DF30039B845 /* AboutUsDetailViewController.m */ = {isa = PBXFileReference; fileEncoding = 4; lastKnownFileType = sourcecode.c.objc; path = AboutUsDetailViewController.m; sourceTree = "<group>"; };
		234556551AC8E1CA00D234A6 /* Launch Screen-1.xib */ = {isa = PBXFileReference; fileEncoding = 4; lastKnownFileType = file.xib; path = "Launch Screen-1.xib"; sourceTree = "<group>"; };
		235750E61A8DA24C00192D24 /* NCCBF.app */ = {isa = PBXFileReference; explicitFileType = wrapper.application; includeInIndex = 0; path = NCCBF.app; sourceTree = BUILT_PRODUCTS_DIR; };
		235750EA1A8DA24C00192D24 /* Info.plist */ = {isa = PBXFileReference; lastKnownFileType = text.plist.xml; path = Info.plist; sourceTree = "<group>"; };
		235750EB1A8DA24C00192D24 /* main.m */ = {isa = PBXFileReference; lastKnownFileType = sourcecode.c.objc; path = main.m; sourceTree = "<group>"; };
		235750ED1A8DA24C00192D24 /* AppDelegate.h */ = {isa = PBXFileReference; lastKnownFileType = sourcecode.c.h; path = AppDelegate.h; sourceTree = "<group>"; };
		235750EE1A8DA24C00192D24 /* AppDelegate.m */ = {isa = PBXFileReference; lastKnownFileType = sourcecode.c.objc; path = AppDelegate.m; sourceTree = "<group>"; };
		235750F41A8DA24C00192D24 /* Base */ = {isa = PBXFileReference; lastKnownFileType = file.storyboard; name = Base; path = Base.lproj/Main.storyboard; sourceTree = "<group>"; };
		235750F61A8DA24C00192D24 /* Images.xcassets */ = {isa = PBXFileReference; lastKnownFileType = folder.assetcatalog; path = Images.xcassets; sourceTree = "<group>"; };
		235750FF1A8DA24C00192D24 /* NCCBFTests.xctest */ = {isa = PBXFileReference; explicitFileType = wrapper.cfbundle; includeInIndex = 0; path = NCCBFTests.xctest; sourceTree = BUILT_PRODUCTS_DIR; };
		235751041A8DA24C00192D24 /* Info.plist */ = {isa = PBXFileReference; lastKnownFileType = text.plist.xml; path = Info.plist; sourceTree = "<group>"; };
		235751051A8DA24C00192D24 /* NCCBFTests.m */ = {isa = PBXFileReference; lastKnownFileType = sourcecode.c.objc; path = NCCBFTests.m; sourceTree = "<group>"; };
		235751151A8DA7F300192D24 /* EventTableViewController.h */ = {isa = PBXFileReference; fileEncoding = 4; lastKnownFileType = sourcecode.c.h; path = EventTableViewController.h; sourceTree = "<group>"; };
		235751161A8DA7F300192D24 /* EventTableViewController.m */ = {isa = PBXFileReference; fileEncoding = 4; lastKnownFileType = sourcecode.c.objc; path = EventTableViewController.m; sourceTree = "<group>"; };
		235751181A8DABF600192D24 /* EventTableViewCell.h */ = {isa = PBXFileReference; fileEncoding = 4; lastKnownFileType = sourcecode.c.h; path = EventTableViewCell.h; sourceTree = "<group>"; };
		235751191A8DABF600192D24 /* EventTableViewCell.m */ = {isa = PBXFileReference; fileEncoding = 4; lastKnownFileType = sourcecode.c.objc; path = EventTableViewCell.m; sourceTree = "<group>"; };
		2357511B1A8DB81E00192D24 /* EventDetailViewController.h */ = {isa = PBXFileReference; fileEncoding = 4; lastKnownFileType = sourcecode.c.h; path = EventDetailViewController.h; sourceTree = "<group>"; };
		2357511C1A8DB81E00192D24 /* EventDetailViewController.m */ = {isa = PBXFileReference; fileEncoding = 4; lastKnownFileType = sourcecode.c.objc; path = EventDetailViewController.m; sourceTree = "<group>"; };
		2357511E1A8DBD7600192D24 /* Event.h */ = {isa = PBXFileReference; fileEncoding = 4; lastKnownFileType = sourcecode.c.h; path = Event.h; sourceTree = "<group>"; };
		2357511F1A8DBD7600192D24 /* Event.m */ = {isa = PBXFileReference; fileEncoding = 4; lastKnownFileType = sourcecode.c.objc; path = Event.m; sourceTree = "<group>"; };
		235F2B601AB2775900FBCCB2 /* EventAnnotation.h */ = {isa = PBXFileReference; fileEncoding = 4; lastKnownFileType = sourcecode.c.h; path = EventAnnotation.h; sourceTree = "<group>"; };
		235F2B611AB2775900FBCCB2 /* EventAnnotation.m */ = {isa = PBXFileReference; fileEncoding = 4; lastKnownFileType = sourcecode.c.objc; path = EventAnnotation.m; sourceTree = "<group>"; };
		23655E0A1ABF8F17005A3163 /* EventDetailViewBaseCell.h */ = {isa = PBXFileReference; fileEncoding = 4; lastKnownFileType = sourcecode.c.h; path = EventDetailViewBaseCell.h; sourceTree = "<group>"; };
		23655E0B1ABF8F17005A3163 /* EventDetailViewBaseCell.m */ = {isa = PBXFileReference; fileEncoding = 4; lastKnownFileType = sourcecode.c.objc; path = EventDetailViewBaseCell.m; sourceTree = "<group>"; };
		2378BB181A90431300571BC9 /* ScheduleTableViewController.h */ = {isa = PBXFileReference; fileEncoding = 4; lastKnownFileType = sourcecode.c.h; path = ScheduleTableViewController.h; sourceTree = "<group>"; };
		2378BB191A90431300571BC9 /* ScheduleTableViewController.m */ = {isa = PBXFileReference; fileEncoding = 4; lastKnownFileType = sourcecode.c.objc; path = ScheduleTableViewController.m; sourceTree = "<group>"; };
		2378BB1B1A90443700571BC9 /* ScheduleTableViewCell.h */ = {isa = PBXFileReference; fileEncoding = 4; lastKnownFileType = sourcecode.c.h; path = ScheduleTableViewCell.h; sourceTree = "<group>"; };
		2378BB1C1A90443700571BC9 /* ScheduleTableViewCell.m */ = {isa = PBXFileReference; fileEncoding = 4; lastKnownFileType = sourcecode.c.objc; path = ScheduleTableViewCell.m; sourceTree = "<group>"; };
		2378BB201A904C4100571BC9 /* MapKit.framework */ = {isa = PBXFileReference; lastKnownFileType = wrapper.framework; name = MapKit.framework; path = System/Library/Frameworks/MapKit.framework; sourceTree = SDKROOT; };
		2378BB221A904C5C00571BC9 /* MapViewController.h */ = {isa = PBXFileReference; fileEncoding = 4; lastKnownFileType = sourcecode.c.h; path = MapViewController.h; sourceTree = "<group>"; };
		2378BB231A904C5C00571BC9 /* MapViewController.m */ = {isa = PBXFileReference; fileEncoding = 4; lastKnownFileType = sourcecode.c.objc; path = MapViewController.m; sourceTree = "<group>"; };
		23A0EB0E1ABE446300C4358B /* AboutUsDetailViewCell.h */ = {isa = PBXFileReference; fileEncoding = 4; lastKnownFileType = sourcecode.c.h; path = AboutUsDetailViewCell.h; sourceTree = "<group>"; };
		23A0EB0F1ABE446300C4358B /* AboutUsDetailViewCell.m */ = {isa = PBXFileReference; fileEncoding = 4; lastKnownFileType = sourcecode.c.objc; path = AboutUsDetailViewCell.m; sourceTree = "<group>"; };
		23AD6C791AAE803A007119F9 /* Japantown.plist */ = {isa = PBXFileReference; fileEncoding = 4; lastKnownFileType = text.plist.xml; path = Japantown.plist; sourceTree = "<group>"; };
		23AF9C7D1AB4E83200C53A60 /* LocationCoordinates.plist */ = {isa = PBXFileReference; fileEncoding = 4; lastKnownFileType = text.plist.xml; path = LocationCoordinates.plist; sourceTree = "<group>"; };
		23E06DAF1A946FDD00D01330 /* SocialViewController.h */ = {isa = PBXFileReference; fileEncoding = 4; lastKnownFileType = sourcecode.c.h; path = SocialViewController.h; sourceTree = "<group>"; };
		23E06DB01A946FDD00D01330 /* SocialViewController.m */ = {isa = PBXFileReference; fileEncoding = 4; lastKnownFileType = sourcecode.c.objc; path = SocialViewController.m; sourceTree = "<group>"; };
		23E06DB21A94723A00D01330 /* SocialViewCell.h */ = {isa = PBXFileReference; fileEncoding = 4; lastKnownFileType = sourcecode.c.h; path = SocialViewCell.h; sourceTree = "<group>"; };
		23E06DB31A94723A00D01330 /* SocialViewCell.m */ = {isa = PBXFileReference; fileEncoding = 4; lastKnownFileType = sourcecode.c.objc; path = SocialViewCell.m; sourceTree = "<group>"; };
		23E06DB51A947B6500D01330 /* SocialMedia.plist */ = {isa = PBXFileReference; fileEncoding = 4; lastKnownFileType = text.plist.xml; path = SocialMedia.plist; sourceTree = "<group>"; };
		23E06DB71A94855400D01330 /* Events.plist */ = {isa = PBXFileReference; fileEncoding = 4; lastKnownFileType = text.plist.xml; path = Events.plist; sourceTree = "<group>"; };
		23EA9E271A9854B000E39921 /* SocialWebViewController.h */ = {isa = PBXFileReference; fileEncoding = 4; lastKnownFileType = sourcecode.c.h; path = SocialWebViewController.h; sourceTree = "<group>"; };
		23EA9E281A9854B000E39921 /* SocialWebViewController.m */ = {isa = PBXFileReference; fileEncoding = 4; lastKnownFileType = sourcecode.c.objc; path = SocialWebViewController.m; sourceTree = "<group>"; };
/* End PBXFileReference section */

/* Begin PBXFrameworksBuildPhase section */
		235750E31A8DA24C00192D24 /* Frameworks */ = {
			isa = PBXFrameworksBuildPhase;
			buildActionMask = 2147483647;
			files = (
				2378BB211A904C4100571BC9 /* MapKit.framework in Frameworks */,
			);
			runOnlyForDeploymentPostprocessing = 0;
		};
		235750FC1A8DA24C00192D24 /* Frameworks */ = {
			isa = PBXFrameworksBuildPhase;
			buildActionMask = 2147483647;
			files = (
			);
			runOnlyForDeploymentPostprocessing = 0;
		};
/* End PBXFrameworksBuildPhase section */

/* Begin PBXGroup section */
		235750DD1A8DA24C00192D24 = {
			isa = PBXGroup;
			children = (
				235750E81A8DA24C00192D24 /* NCCBF */,
				235751021A8DA24C00192D24 /* NCCBFTests */,
				235750E71A8DA24C00192D24 /* Products */,
				2378BB201A904C4100571BC9 /* MapKit.framework */,
			);
			sourceTree = "<group>";
		};
		235750E71A8DA24C00192D24 /* Products */ = {
			isa = PBXGroup;
			children = (
				235750E61A8DA24C00192D24 /* NCCBF.app */,
				235750FF1A8DA24C00192D24 /* NCCBFTests.xctest */,
			);
			name = Products;
			sourceTree = "<group>";
		};
		235750E81A8DA24C00192D24 /* NCCBF */ = {
			isa = PBXGroup;
			children = (
				235750ED1A8DA24C00192D24 /* AppDelegate.h */,
				235750EE1A8DA24C00192D24 /* AppDelegate.m */,
				235750F31A8DA24C00192D24 /* Main.storyboard */,
				2357511E1A8DBD7600192D24 /* Event.h */,
				2357511F1A8DBD7600192D24 /* Event.m */,
				23E06DB71A94855400D01330 /* Events.plist */,
				2378BB161A90426000571BC9 /* EventTableView */,
				2378BB171A90429300571BC9 /* ScheduleTableView */,
				2378BB1E1A904B1B00571BC9 /* MapView */,
				2378BB1F1A904B2300571BC9 /* SocialView */,
				235750F61A8DA24C00192D24 /* Images.xcassets */,
				234556551AC8E1CA00D234A6 /* Launch Screen-1.xib */,
				235750E91A8DA24C00192D24 /* Supporting Files */,
			);
			path = NCCBF;
			sourceTree = "<group>";
		};
		235750E91A8DA24C00192D24 /* Supporting Files */ = {
			isa = PBXGroup;
			children = (
				235750EA1A8DA24C00192D24 /* Info.plist */,
				235750EB1A8DA24C00192D24 /* main.m */,
			);
			name = "Supporting Files";
			sourceTree = "<group>";
		};
		235751021A8DA24C00192D24 /* NCCBFTests */ = {
			isa = PBXGroup;
			children = (
				235751051A8DA24C00192D24 /* NCCBFTests.m */,
				235751031A8DA24C00192D24 /* Supporting Files */,
			);
			path = NCCBFTests;
			sourceTree = "<group>";
		};
		235751031A8DA24C00192D24 /* Supporting Files */ = {
			isa = PBXGroup;
			children = (
				235751041A8DA24C00192D24 /* Info.plist */,
			);
			name = "Supporting Files";
			sourceTree = "<group>";
		};
		2378BB161A90426000571BC9 /* EventTableView */ = {
			isa = PBXGroup;
			children = (
				235751151A8DA7F300192D24 /* EventTableViewController.h */,
				235751161A8DA7F300192D24 /* EventTableViewController.m */,
				235751181A8DABF600192D24 /* EventTableViewCell.h */,
				235751191A8DABF600192D24 /* EventTableViewCell.m */,
				2357511B1A8DB81E00192D24 /* EventDetailViewController.h */,
				2357511C1A8DB81E00192D24 /* EventDetailViewController.m */,
				23655E0A1ABF8F17005A3163 /* EventDetailViewBaseCell.h */,
				23655E0B1ABF8F17005A3163 /* EventDetailViewBaseCell.m */,
			);
			name = EventTableView;
			sourceTree = "<group>";
		};
		2378BB171A90429300571BC9 /* ScheduleTableView */ = {
			isa = PBXGroup;
			children = (
				2378BB181A90431300571BC9 /* ScheduleTableViewController.h */,
				2378BB191A90431300571BC9 /* ScheduleTableViewController.m */,
				2378BB1B1A90443700571BC9 /* ScheduleTableViewCell.h */,
				2378BB1C1A90443700571BC9 /* ScheduleTableViewCell.m */,
			);
			name = ScheduleTableView;
			sourceTree = "<group>";
		};
		2378BB1E1A904B1B00571BC9 /* MapView */ = {
			isa = PBXGroup;
			children = (
				23AD6C791AAE803A007119F9 /* Japantown.plist */,
				23AF9C7D1AB4E83200C53A60 /* LocationCoordinates.plist */,
				2378BB221A904C5C00571BC9 /* MapViewController.h */,
				2378BB231A904C5C00571BC9 /* MapViewController.m */,
				235F2B601AB2775900FBCCB2 /* EventAnnotation.h */,
				235F2B611AB2775900FBCCB2 /* EventAnnotation.m */,
				230C66FD1AB531E200D77F20 /* StageTableViewController.h */,
				230C66FE1AB531E200D77F20 /* StageTableViewController.m */,
			);
			name = MapView;
			sourceTree = "<group>";
		};
		2378BB1F1A904B2300571BC9 /* SocialView */ = {
			isa = PBXGroup;
			children = (
				23E06DAF1A946FDD00D01330 /* SocialViewController.h */,
				23E06DB01A946FDD00D01330 /* SocialViewController.m */,
				23E06DB21A94723A00D01330 /* SocialViewCell.h */,
				23E06DB31A94723A00D01330 /* SocialViewCell.m */,
				23264A901AAA89F20039B845 /* AboutUsCell.h */,
				23264A911AAA89F20039B845 /* AboutUsCell.m */,
				23EA9E271A9854B000E39921 /* SocialWebViewController.h */,
				23EA9E281A9854B000E39921 /* SocialWebViewController.m */,
				23264A931AAA8DF30039B845 /* AboutUsDetailViewController.h */,
				23264A941AAA8DF30039B845 /* AboutUsDetailViewController.m */,
				23A0EB0E1ABE446300C4358B /* AboutUsDetailViewCell.h */,
				23A0EB0F1ABE446300C4358B /* AboutUsDetailViewCell.m */,
				23E06DB51A947B6500D01330 /* SocialMedia.plist */,
			);
			name = SocialView;
			sourceTree = "<group>";
		};
/* End PBXGroup section */

/* Begin PBXNativeTarget section */
		235750E51A8DA24C00192D24 /* NCCBF */ = {
			isa = PBXNativeTarget;
			buildConfigurationList = 235751091A8DA24C00192D24 /* Build configuration list for PBXNativeTarget "NCCBF" */;
			buildPhases = (
				235750E21A8DA24C00192D24 /* Sources */,
				235750E31A8DA24C00192D24 /* Frameworks */,
				235750E41A8DA24C00192D24 /* Resources */,
			);
			buildRules = (
			);
			dependencies = (
			);
			name = NCCBF;
			productName = NCCBF;
			productReference = 235750E61A8DA24C00192D24 /* NCCBF.app */;
			productType = "com.apple.product-type.application";
		};
		235750FE1A8DA24C00192D24 /* NCCBFTests */ = {
			isa = PBXNativeTarget;
			buildConfigurationList = 2357510C1A8DA24C00192D24 /* Build configuration list for PBXNativeTarget "NCCBFTests" */;
			buildPhases = (
				235750FB1A8DA24C00192D24 /* Sources */,
				235750FC1A8DA24C00192D24 /* Frameworks */,
				235750FD1A8DA24C00192D24 /* Resources */,
			);
			buildRules = (
			);
			dependencies = (
				235751011A8DA24C00192D24 /* PBXTargetDependency */,
			);
			name = NCCBFTests;
			productName = NCCBFTests;
			productReference = 235750FF1A8DA24C00192D24 /* NCCBFTests.xctest */;
			productType = "com.apple.product-type.bundle.unit-test";
		};
/* End PBXNativeTarget section */

/* Begin PBXProject section */
		235750DE1A8DA24C00192D24 /* Project object */ = {
			isa = PBXProject;
			attributes = {
				LastUpgradeCheck = 0610;
				ORGANIZATIONNAME = "Keita Ito";
				TargetAttributes = {
					235750E51A8DA24C00192D24 = {
						CreatedOnToolsVersion = 6.1.1;
						DevelopmentTeam = D433NUFZ5K;
						SystemCapabilities = {
							com.apple.Maps.iOS = {
								enabled = 1;
							};
						};
					};
					235750FE1A8DA24C00192D24 = {
						CreatedOnToolsVersion = 6.1.1;
						TestTargetID = 235750E51A8DA24C00192D24;
					};
				};
			};
			buildConfigurationList = 235750E11A8DA24C00192D24 /* Build configuration list for PBXProject "NCCBF" */;
			compatibilityVersion = "Xcode 3.2";
			developmentRegion = English;
			hasScannedForEncodings = 0;
			knownRegions = (
				en,
				Base,
			);
			mainGroup = 235750DD1A8DA24C00192D24;
			productRefGroup = 235750E71A8DA24C00192D24 /* Products */;
			projectDirPath = "";
			projectRoot = "";
			targets = (
				235750E51A8DA24C00192D24 /* NCCBF */,
				235750FE1A8DA24C00192D24 /* NCCBFTests */,
			);
		};
/* End PBXProject section */

/* Begin PBXResourcesBuildPhase section */
		235750E41A8DA24C00192D24 /* Resources */ = {
			isa = PBXResourcesBuildPhase;
			buildActionMask = 2147483647;
			files = (
				235750F51A8DA24C00192D24 /* Main.storyboard in Resources */,
				23E06DB61A947B6500D01330 /* SocialMedia.plist in Resources */,
				23AF9C7E1AB4E83200C53A60 /* LocationCoordinates.plist in Resources */,
				235750F71A8DA24C00192D24 /* Images.xcassets in Resources */,
				234556561AC8E1CA00D234A6 /* Launch Screen-1.xib in Resources */,
				23E06DB81A94855400D01330 /* Events.plist in Resources */,
				23AD6C7A1AAE803A007119F9 /* Japantown.plist in Resources */,
			);
			runOnlyForDeploymentPostprocessing = 0;
		};
		235750FD1A8DA24C00192D24 /* Resources */ = {
			isa = PBXResourcesBuildPhase;
			buildActionMask = 2147483647;
			files = (
			);
			runOnlyForDeploymentPostprocessing = 0;
		};
/* End PBXResourcesBuildPhase section */

/* Begin PBXSourcesBuildPhase section */
		235750E21A8DA24C00192D24 /* Sources */ = {
			isa = PBXSourcesBuildPhase;
			buildActionMask = 2147483647;
			files = (
				230C66FF1AB531E200D77F20 /* StageTableViewController.m in Sources */,
				235751201A8DBD7600192D24 /* Event.m in Sources */,
				2357511A1A8DABF600192D24 /* EventTableViewCell.m in Sources */,
				2378BB1D1A90443700571BC9 /* ScheduleTableViewCell.m in Sources */,
				23A0EB101ABE446300C4358B /* AboutUsDetailViewCell.m in Sources */,
				23264A951AAA8DF30039B845 /* AboutUsDetailViewController.m in Sources */,
				23E06DB41A94723A00D01330 /* SocialViewCell.m in Sources */,
				2378BB241A904C5C00571BC9 /* MapViewController.m in Sources */,
				235F2B621AB2775900FBCCB2 /* EventAnnotation.m in Sources */,
				2378BB1A1A90431300571BC9 /* ScheduleTableViewController.m in Sources */,
				2357511D1A8DB81E00192D24 /* EventDetailViewController.m in Sources */,
				23264A921AAA89F20039B845 /* AboutUsCell.m in Sources */,
				235751171A8DA7F300192D24 /* EventTableViewController.m in Sources */,
				23655E0C1ABF8F17005A3163 /* EventDetailViewBaseCell.m in Sources */,
				23EA9E291A9854B000E39921 /* SocialWebViewController.m in Sources */,
				23E06DB11A946FDD00D01330 /* SocialViewController.m in Sources */,
				235750EF1A8DA24C00192D24 /* AppDelegate.m in Sources */,
				235750EC1A8DA24C00192D24 /* main.m in Sources */,
			);
			runOnlyForDeploymentPostprocessing = 0;
		};
		235750FB1A8DA24C00192D24 /* Sources */ = {
			isa = PBXSourcesBuildPhase;
			buildActionMask = 2147483647;
			files = (
				235751061A8DA24C00192D24 /* NCCBFTests.m in Sources */,
			);
			runOnlyForDeploymentPostprocessing = 0;
		};
/* End PBXSourcesBuildPhase section */

/* Begin PBXTargetDependency section */
		235751011A8DA24C00192D24 /* PBXTargetDependency */ = {
			isa = PBXTargetDependency;
			target = 235750E51A8DA24C00192D24 /* NCCBF */;
			targetProxy = 235751001A8DA24C00192D24 /* PBXContainerItemProxy */;
		};
/* End PBXTargetDependency section */

/* Begin PBXVariantGroup section */
		235750F31A8DA24C00192D24 /* Main.storyboard */ = {
			isa = PBXVariantGroup;
			children = (
				235750F41A8DA24C00192D24 /* Base */,
			);
			name = Main.storyboard;
			sourceTree = "<group>";
		};
/* End PBXVariantGroup section */

/* Begin XCBuildConfiguration section */
		235751071A8DA24C00192D24 /* Debug */ = {
			isa = XCBuildConfiguration;
			buildSettings = {
				ALWAYS_SEARCH_USER_PATHS = NO;
				CLANG_CXX_LANGUAGE_STANDARD = "gnu++0x";
				CLANG_CXX_LIBRARY = "libc++";
				CLANG_ENABLE_MODULES = YES;
				CLANG_ENABLE_OBJC_ARC = YES;
				CLANG_WARN_BOOL_CONVERSION = YES;
				CLANG_WARN_CONSTANT_CONVERSION = YES;
				CLANG_WARN_DIRECT_OBJC_ISA_USAGE = YES_ERROR;
				CLANG_WARN_EMPTY_BODY = YES;
				CLANG_WARN_ENUM_CONVERSION = YES;
				CLANG_WARN_INT_CONVERSION = YES;
				CLANG_WARN_OBJC_ROOT_CLASS = YES_ERROR;
				CLANG_WARN_UNREACHABLE_CODE = YES;
				CLANG_WARN__DUPLICATE_METHOD_MATCH = YES;
				"CODE_SIGN_IDENTITY[sdk=iphoneos*]" = "iPhone Developer";
				COPY_PHASE_STRIP = NO;
				ENABLE_STRICT_OBJC_MSGSEND = YES;
				GCC_C_LANGUAGE_STANDARD = gnu99;
				GCC_DYNAMIC_NO_PIC = NO;
				GCC_OPTIMIZATION_LEVEL = 0;
				GCC_PREPROCESSOR_DEFINITIONS = (
					"DEBUG=1",
					"$(inherited)",
				);
				GCC_SYMBOLS_PRIVATE_EXTERN = NO;
				GCC_WARN_64_TO_32_BIT_CONVERSION = YES;
				GCC_WARN_ABOUT_RETURN_TYPE = YES_ERROR;
				GCC_WARN_UNDECLARED_SELECTOR = YES;
				GCC_WARN_UNINITIALIZED_AUTOS = YES_AGGRESSIVE;
				GCC_WARN_UNUSED_FUNCTION = YES;
				GCC_WARN_UNUSED_VARIABLE = YES;
				IPHONEOS_DEPLOYMENT_TARGET = 8.1;
				MTL_ENABLE_DEBUG_INFO = YES;
				ONLY_ACTIVE_ARCH = YES;
				SDKROOT = iphoneos;
			};
			name = Debug;
		};
		235751081A8DA24C00192D24 /* Release */ = {
			isa = XCBuildConfiguration;
			buildSettings = {
				ALWAYS_SEARCH_USER_PATHS = NO;
				CLANG_CXX_LANGUAGE_STANDARD = "gnu++0x";
				CLANG_CXX_LIBRARY = "libc++";
				CLANG_ENABLE_MODULES = YES;
				CLANG_ENABLE_OBJC_ARC = YES;
				CLANG_WARN_BOOL_CONVERSION = YES;
				CLANG_WARN_CONSTANT_CONVERSION = YES;
				CLANG_WARN_DIRECT_OBJC_ISA_USAGE = YES_ERROR;
				CLANG_WARN_EMPTY_BODY = YES;
				CLANG_WARN_ENUM_CONVERSION = YES;
				CLANG_WARN_INT_CONVERSION = YES;
				CLANG_WARN_OBJC_ROOT_CLASS = YES_ERROR;
				CLANG_WARN_UNREACHABLE_CODE = YES;
				CLANG_WARN__DUPLICATE_METHOD_MATCH = YES;
				"CODE_SIGN_IDENTITY[sdk=iphoneos*]" = "iPhone Developer";
				COPY_PHASE_STRIP = YES;
				ENABLE_NS_ASSERTIONS = NO;
				ENABLE_STRICT_OBJC_MSGSEND = YES;
				GCC_C_LANGUAGE_STANDARD = gnu99;
				GCC_WARN_64_TO_32_BIT_CONVERSION = YES;
				GCC_WARN_ABOUT_RETURN_TYPE = YES_ERROR;
				GCC_WARN_UNDECLARED_SELECTOR = YES;
				GCC_WARN_UNINITIALIZED_AUTOS = YES_AGGRESSIVE;
				GCC_WARN_UNUSED_FUNCTION = YES;
				GCC_WARN_UNUSED_VARIABLE = YES;
				IPHONEOS_DEPLOYMENT_TARGET = 8.1;
				MTL_ENABLE_DEBUG_INFO = NO;
				SDKROOT = iphoneos;
				VALIDATE_PRODUCT = YES;
			};
			name = Release;
		};
		2357510A1A8DA24C00192D24 /* Debug */ = {
			isa = XCBuildConfiguration;
			buildSettings = {
				ASSETCATALOG_COMPILER_APPICON_NAME = "AppIcon-1";
				CODE_SIGN_IDENTITY = "iPhone Developer";
				"CODE_SIGN_IDENTITY[sdk=iphoneos*]" = "iPhone Developer";
				INFOPLIST_FILE = NCCBF/Info.plist;
				IPHONEOS_DEPLOYMENT_TARGET = 8.0;
				LD_RUNPATH_SEARCH_PATHS = "$(inherited) @executable_path/Frameworks";
				PRODUCT_NAME = "$(TARGET_NAME)";
				PROVISIONING_PROFILE = "9371bbb0-6271-4440-a0eb-614a7b85b2e9";
			};
			name = Debug;
		};
		2357510B1A8DA24C00192D24 /* Release */ = {
			isa = XCBuildConfiguration;
			buildSettings = {
				ASSETCATALOG_COMPILER_APPICON_NAME = "AppIcon-1";
				CODE_SIGN_IDENTITY = "iPhone Developer";
				"CODE_SIGN_IDENTITY[sdk=iphoneos*]" = "iPhone Developer";
				INFOPLIST_FILE = NCCBF/Info.plist;
				IPHONEOS_DEPLOYMENT_TARGET = 8.0;
				LD_RUNPATH_SEARCH_PATHS = "$(inherited) @executable_path/Frameworks";
				PRODUCT_NAME = "$(TARGET_NAME)";
				PROVISIONING_PROFILE = "a45a1a5d-eecd-4139-a449-e319127d5f7d";
			};
			name = Release;
		};
		2357510D1A8DA24C00192D24 /* Debug */ = {
			isa = XCBuildConfiguration;
			buildSettings = {
				BUNDLE_LOADER = "$(TEST_HOST)";
				FRAMEWORK_SEARCH_PATHS = (
					"$(SDKROOT)/Developer/Library/Frameworks",
					"$(inherited)",
				);
				GCC_PREPROCESSOR_DEFINITIONS = (
					"DEBUG=1",
					"$(inherited)",
				);
				INFOPLIST_FILE = NCCBFTests/Info.plist;
				LD_RUNPATH_SEARCH_PATHS = "$(inherited) @executable_path/Frameworks @loader_path/Frameworks";
				PRODUCT_NAME = "$(TARGET_NAME)";
				TEST_HOST = "$(BUILT_PRODUCTS_DIR)/NCCBF.app/NCCBF";
			};
			name = Debug;
		};
		2357510E1A8DA24C00192D24 /* Release */ = {
			isa = XCBuildConfiguration;
			buildSettings = {
				BUNDLE_LOADER = "$(TEST_HOST)";
				FRAMEWORK_SEARCH_PATHS = (
					"$(SDKROOT)/Developer/Library/Frameworks",
					"$(inherited)",
				);
				INFOPLIST_FILE = NCCBFTests/Info.plist;
				LD_RUNPATH_SEARCH_PATHS = "$(inherited) @executable_path/Frameworks @loader_path/Frameworks";
				PRODUCT_NAME = "$(TARGET_NAME)";
				TEST_HOST = "$(BUILT_PRODUCTS_DIR)/NCCBF.app/NCCBF";
			};
			name = Release;
		};
/* End XCBuildConfiguration section */

/* Begin XCConfigurationList section */
		235750E11A8DA24C00192D24 /* Build configuration list for PBXProject "NCCBF" */ = {
			isa = XCConfigurationList;
			buildConfigurations = (
				235751071A8DA24C00192D24 /* Debug */,
				235751081A8DA24C00192D24 /* Release */,
			);
			defaultConfigurationIsVisible = 0;
			defaultConfigurationName = Release;
		};
		235751091A8DA24C00192D24 /* Build configuration list for PBXNativeTarget "NCCBF" */ = {
			isa = XCConfigurationList;
			buildConfigurations = (
				2357510A1A8DA24C00192D24 /* Debug */,
				2357510B1A8DA24C00192D24 /* Release */,
			);
			defaultConfigurationIsVisible = 0;
			defaultConfigurationName = Release;
		};
		2357510C1A8DA24C00192D24 /* Build configuration list for PBXNativeTarget "NCCBFTests" */ = {
			isa = XCConfigurationList;
			buildConfigurations = (
				2357510D1A8DA24C00192D24 /* Debug */,
				2357510E1A8DA24C00192D24 /* Release */,
			);
			defaultConfigurationIsVisible = 0;
			defaultConfigurationName = Release;
		};
/* End XCConfigurationList section */
	};
	rootObject = 235750DE1A8DA24C00192D24 /* Project object */;
}
